// !$*UTF8*$!
{
	archiveVersion = 1;
	classes = {
	};
	objectVersion = 46;
	objects = {

/* Begin PBXBuildFile section */
		9404F82D1CEE8E7E000D6020 /* ImageEdittingViewController.swift in Sources */ = {isa = PBXBuildFile; fileRef = 9404F82C1CEE8E7E000D6020 /* ImageEdittingViewController.swift */; };
		94156FE11CFF7AC900EE45CA /* HandleView.swift in Sources */ = {isa = PBXBuildFile; fileRef = 94156FE01CFF7AC900EE45CA /* HandleView.swift */; };
		94FC1AAA1CC0C54300464DC7 /* AppDelegate.swift in Sources */ = {isa = PBXBuildFile; fileRef = 94FC1AA91CC0C54300464DC7 /* AppDelegate.swift */; };
		94FC1AAC1CC0C54300464DC7 /* ViewController.swift in Sources */ = {isa = PBXBuildFile; fileRef = 94FC1AAB1CC0C54300464DC7 /* ViewController.swift */; };
		94FC1AAF1CC0C54300464DC7 /* Main.storyboard in Resources */ = {isa = PBXBuildFile; fileRef = 94FC1AAD1CC0C54300464DC7 /* Main.storyboard */; };
		94FC1AB11CC0C54300464DC7 /* Assets.xcassets in Resources */ = {isa = PBXBuildFile; fileRef = 94FC1AB01CC0C54300464DC7 /* Assets.xcassets */; };
		94FC1AB41CC0C54300464DC7 /* LaunchScreen.storyboard in Resources */ = {isa = PBXBuildFile; fileRef = 94FC1AB21CC0C54300464DC7 /* LaunchScreen.storyboard */; };
		94FC1ABF1CC0C54400464DC7 /* ImagePickerSampleTests.swift in Sources */ = {isa = PBXBuildFile; fileRef = 94FC1ABE1CC0C54400464DC7 /* ImagePickerSampleTests.swift */; };
		94FC1ACA1CC0C54400464DC7 /* ImagePickerSampleUITests.swift in Sources */ = {isa = PBXBuildFile; fileRef = 94FC1AC91CC0C54400464DC7 /* ImagePickerSampleUITests.swift */; };
/* End PBXBuildFile section */

/* Begin PBXContainerItemProxy section */
		94FC1ABB1CC0C54400464DC7 /* PBXContainerItemProxy */ = {
			isa = PBXContainerItemProxy;
			containerPortal = 94FC1A9E1CC0C54300464DC7 /* Project object */;
			proxyType = 1;
			remoteGlobalIDString = 94FC1AA51CC0C54300464DC7;
			remoteInfo = ImagePickerSample;
		};
		94FC1AC61CC0C54400464DC7 /* PBXContainerItemProxy */ = {
			isa = PBXContainerItemProxy;
			containerPortal = 94FC1A9E1CC0C54300464DC7 /* Project object */;
			proxyType = 1;
			remoteGlobalIDString = 94FC1AA51CC0C54300464DC7;
			remoteInfo = ImagePickerSample;
		};
/* End PBXContainerItemProxy section */

/* Begin PBXFileReference section */
		9404F82C1CEE8E7E000D6020 /* ImageEdittingViewController.swift */ = {isa = PBXFileReference; fileEncoding = 4; lastKnownFileType = sourcecode.swift; path = ImageEdittingViewController.swift; sourceTree = "<group>"; };
		94156FE01CFF7AC900EE45CA /* HandleView.swift */ = {isa = PBXFileReference; fileEncoding = 4; lastKnownFileType = sourcecode.swift; name = HandleView.swift; path = ../HandleView.swift; sourceTree = "<group>"; };
		94FC1AA61CC0C54300464DC7 /* ImagePickerSample.app */ = {isa = PBXFileReference; explicitFileType = wrapper.application; includeInIndex = 0; path = ImagePickerSample.app; sourceTree = BUILT_PRODUCTS_DIR; };
		94FC1AA91CC0C54300464DC7 /* AppDelegate.swift */ = {isa = PBXFileReference; lastKnownFileType = sourcecode.swift; path = AppDelegate.swift; sourceTree = "<group>"; };
		94FC1AAB1CC0C54300464DC7 /* ViewController.swift */ = {isa = PBXFileReference; lastKnownFileType = sourcecode.swift; path = ViewController.swift; sourceTree = "<group>"; };
		94FC1AAE1CC0C54300464DC7 /* Base */ = {isa = PBXFileReference; lastKnownFileType = file.storyboard; name = Base; path = Base.lproj/Main.storyboard; sourceTree = "<group>"; };
		94FC1AB01CC0C54300464DC7 /* Assets.xcassets */ = {isa = PBXFileReference; lastKnownFileType = folder.assetcatalog; path = Assets.xcassets; sourceTree = "<group>"; };
		94FC1AB31CC0C54300464DC7 /* Base */ = {isa = PBXFileReference; lastKnownFileType = file.storyboard; name = Base; path = Base.lproj/LaunchScreen.storyboard; sourceTree = "<group>"; };
		94FC1AB51CC0C54300464DC7 /* Info.plist */ = {isa = PBXFileReference; lastKnownFileType = text.plist.xml; path = Info.plist; sourceTree = "<group>"; };
		94FC1ABA1CC0C54400464DC7 /* ImagePickerSampleTests.xctest */ = {isa = PBXFileReference; explicitFileType = wrapper.cfbundle; includeInIndex = 0; path = ImagePickerSampleTests.xctest; sourceTree = BUILT_PRODUCTS_DIR; };
		94FC1ABE1CC0C54400464DC7 /* ImagePickerSampleTests.swift */ = {isa = PBXFileReference; lastKnownFileType = sourcecode.swift; path = ImagePickerSampleTests.swift; sourceTree = "<group>"; };
		94FC1AC01CC0C54400464DC7 /* Info.plist */ = {isa = PBXFileReference; lastKnownFileType = text.plist.xml; path = Info.plist; sourceTree = "<group>"; };
		94FC1AC51CC0C54400464DC7 /* ImagePickerSampleUITests.xctest */ = {isa = PBXFileReference; explicitFileType = wrapper.cfbundle; includeInIndex = 0; path = ImagePickerSampleUITests.xctest; sourceTree = BUILT_PRODUCTS_DIR; };
		94FC1AC91CC0C54400464DC7 /* ImagePickerSampleUITests.swift */ = {isa = PBXFileReference; lastKnownFileType = sourcecode.swift; path = ImagePickerSampleUITests.swift; sourceTree = "<group>"; };
		94FC1ACB1CC0C54400464DC7 /* Info.plist */ = {isa = PBXFileReference; lastKnownFileType = text.plist.xml; path = Info.plist; sourceTree = "<group>"; };
/* End PBXFileReference section */

/* Begin PBXFrameworksBuildPhase section */
		94FC1AA31CC0C54300464DC7 /* Frameworks */ = {
			isa = PBXFrameworksBuildPhase;
			buildActionMask = 2147483647;
			files = (
			);
			runOnlyForDeploymentPostprocessing = 0;
		};
		94FC1AB71CC0C54400464DC7 /* Frameworks */ = {
			isa = PBXFrameworksBuildPhase;
			buildActionMask = 2147483647;
			files = (
			);
			runOnlyForDeploymentPostprocessing = 0;
		};
		94FC1AC21CC0C54400464DC7 /* Frameworks */ = {
			isa = PBXFrameworksBuildPhase;
			buildActionMask = 2147483647;
			files = (
			);
			runOnlyForDeploymentPostprocessing = 0;
		};
/* End PBXFrameworksBuildPhase section */

/* Begin PBXGroup section */
		94FC1A9D1CC0C54300464DC7 = {
			isa = PBXGroup;
			children = (
				94FC1AA81CC0C54300464DC7 /* ImagePickerSample */,
				94FC1ABD1CC0C54400464DC7 /* ImagePickerSampleTests */,
				94FC1AC81CC0C54400464DC7 /* ImagePickerSampleUITests */,
				94FC1AA71CC0C54300464DC7 /* Products */,
			);
			sourceTree = "<group>";
		};
		94FC1AA71CC0C54300464DC7 /* Products */ = {
			isa = PBXGroup;
			children = (
				94FC1AA61CC0C54300464DC7 /* ImagePickerSample.app */,
				94FC1ABA1CC0C54400464DC7 /* ImagePickerSampleTests.xctest */,
				94FC1AC51CC0C54400464DC7 /* ImagePickerSampleUITests.xctest */,
			);
			name = Products;
			sourceTree = "<group>";
		};
		94FC1AA81CC0C54300464DC7 /* ImagePickerSample */ = {
			isa = PBXGroup;
			children = (
				94FC1AA91CC0C54300464DC7 /* AppDelegate.swift */,
				94FC1AAB1CC0C54300464DC7 /* ViewController.swift */,
				9404F82C1CEE8E7E000D6020 /* ImageEdittingViewController.swift */,
				94156FE01CFF7AC900EE45CA /* HandleView.swift */,
				94FC1AAD1CC0C54300464DC7 /* Main.storyboard */,
				94FC1AB01CC0C54300464DC7 /* Assets.xcassets */,
				94FC1AB21CC0C54300464DC7 /* LaunchScreen.storyboard */,
				94FC1AB51CC0C54300464DC7 /* Info.plist */,
			);
			path = ImagePickerSample;
			sourceTree = "<group>";
		};
		94FC1ABD1CC0C54400464DC7 /* ImagePickerSampleTests */ = {
			isa = PBXGroup;
			children = (
				94FC1ABE1CC0C54400464DC7 /* ImagePickerSampleTests.swift */,
				94FC1AC01CC0C54400464DC7 /* Info.plist */,
			);
			path = ImagePickerSampleTests;
			sourceTree = "<group>";
		};
		94FC1AC81CC0C54400464DC7 /* ImagePickerSampleUITests */ = {
			isa = PBXGroup;
			children = (
				94FC1AC91CC0C54400464DC7 /* ImagePickerSampleUITests.swift */,
				94FC1ACB1CC0C54400464DC7 /* Info.plist */,
			);
			path = ImagePickerSampleUITests;
			sourceTree = "<group>";
		};
/* End PBXGroup section */

/* Begin PBXNativeTarget section */
		94FC1AA51CC0C54300464DC7 /* ImagePickerSample */ = {
			isa = PBXNativeTarget;
			buildConfigurationList = 94FC1ACE1CC0C54400464DC7 /* Build configuration list for PBXNativeTarget "ImagePickerSample" */;
			buildPhases = (
				94FC1AA21CC0C54300464DC7 /* Sources */,
				94FC1AA31CC0C54300464DC7 /* Frameworks */,
				94FC1AA41CC0C54300464DC7 /* Resources */,
			);
			buildRules = (
			);
			dependencies = (
			);
			name = ImagePickerSample;
			productName = ImagePickerSample;
			productReference = 94FC1AA61CC0C54300464DC7 /* ImagePickerSample.app */;
			productType = "com.apple.product-type.application";
		};
		94FC1AB91CC0C54400464DC7 /* ImagePickerSampleTests */ = {
			isa = PBXNativeTarget;
			buildConfigurationList = 94FC1AD11CC0C54400464DC7 /* Build configuration list for PBXNativeTarget "ImagePickerSampleTests" */;
			buildPhases = (
				94FC1AB61CC0C54400464DC7 /* Sources */,
				94FC1AB71CC0C54400464DC7 /* Frameworks */,
				94FC1AB81CC0C54400464DC7 /* Resources */,
			);
			buildRules = (
			);
			dependencies = (
				94FC1ABC1CC0C54400464DC7 /* PBXTargetDependency */,
			);
			name = ImagePickerSampleTests;
			productName = ImagePickerSampleTests;
			productReference = 94FC1ABA1CC0C54400464DC7 /* ImagePickerSampleTests.xctest */;
			productType = "com.apple.product-type.bundle.unit-test";
		};
		94FC1AC41CC0C54400464DC7 /* ImagePickerSampleUITests */ = {
			isa = PBXNativeTarget;
			buildConfigurationList = 94FC1AD41CC0C54400464DC7 /* Build configuration list for PBXNativeTarget "ImagePickerSampleUITests" */;
			buildPhases = (
				94FC1AC11CC0C54400464DC7 /* Sources */,
				94FC1AC21CC0C54400464DC7 /* Frameworks */,
				94FC1AC31CC0C54400464DC7 /* Resources */,
			);
			buildRules = (
			);
			dependencies = (
				94FC1AC71CC0C54400464DC7 /* PBXTargetDependency */,
			);
			name = ImagePickerSampleUITests;
			productName = ImagePickerSampleUITests;
			productReference = 94FC1AC51CC0C54400464DC7 /* ImagePickerSampleUITests.xctest */;
			productType = "com.apple.product-type.bundle.ui-testing";
		};
/* End PBXNativeTarget section */

/* Begin PBXProject section */
		94FC1A9E1CC0C54300464DC7 /* Project object */ = {
			isa = PBXProject;
			attributes = {
				LastSwiftUpdateCheck = 0730;
				LastUpgradeCheck = 0730;
				ORGANIZATIONNAME = "Amelia Boli";
				TargetAttributes = {
					94FC1AA51CC0C54300464DC7 = {
						CreatedOnToolsVersion = 7.3;
					};
					94FC1AB91CC0C54400464DC7 = {
						CreatedOnToolsVersion = 7.3;
						TestTargetID = 94FC1AA51CC0C54300464DC7;
					};
					94FC1AC41CC0C54400464DC7 = {
						CreatedOnToolsVersion = 7.3;
						TestTargetID = 94FC1AA51CC0C54300464DC7;
					};
				};
			};
			buildConfigurationList = 94FC1AA11CC0C54300464DC7 /* Build configuration list for PBXProject "ImagePickerSample" */;
			compatibilityVersion = "Xcode 3.2";
			developmentRegion = English;
			hasScannedForEncodings = 0;
			knownRegions = (
				en,
				Base,
			);
			mainGroup = 94FC1A9D1CC0C54300464DC7;
			productRefGroup = 94FC1AA71CC0C54300464DC7 /* Products */;
			projectDirPath = "";
			projectRoot = "";
			targets = (
				94FC1AA51CC0C54300464DC7 /* ImagePickerSample */,
				94FC1AB91CC0C54400464DC7 /* ImagePickerSampleTests */,
				94FC1AC41CC0C54400464DC7 /* ImagePickerSampleUITests */,
			);
		};
/* End PBXProject section */

/* Begin PBXResourcesBuildPhase section */
		94FC1AA41CC0C54300464DC7 /* Resources */ = {
			isa = PBXResourcesBuildPhase;
			buildActionMask = 2147483647;
			files = (
				94FC1AB41CC0C54300464DC7 /* LaunchScreen.storyboard in Resources */,
				94FC1AB11CC0C54300464DC7 /* Assets.xcassets in Resources */,
				94FC1AAF1CC0C54300464DC7 /* Main.storyboard in Resources */,
			);
			runOnlyForDeploymentPostprocessing = 0;
		};
		94FC1AB81CC0C54400464DC7 /* Resources */ = {
			isa = PBXResourcesBuildPhase;
			buildActionMask = 2147483647;
			files = (
			);
			runOnlyForDeploymentPostprocessing = 0;
		};
		94FC1AC31CC0C54400464DC7 /* Resources */ = {
			isa = PBXResourcesBuildPhase;
			buildActionMask = 2147483647;
			files = (
			);
			runOnlyForDeploymentPostprocessing = 0;
		};
/* End PBXResourcesBuildPhase section */

/* Begin PBXSourcesBuildPhase section */
		94FC1AA21CC0C54300464DC7 /* Sources */ = {
			isa = PBXSourcesBuildPhase;
			buildActionMask = 2147483647;
			files = (
				9404F82D1CEE8E7E000D6020 /* ImageEdittingViewController.swift in Sources */,
				94FC1AAC1CC0C54300464DC7 /* ViewController.swift in Sources */,
				94156FE11CFF7AC900EE45CA /* HandleView.swift in Sources */,
				94FC1AAA1CC0C54300464DC7 /* AppDelegate.swift in Sources */,
			);
			runOnlyForDeploymentPostprocessing = 0;
		};
		94FC1AB61CC0C54400464DC7 /* Sources */ = {
			isa = PBXSourcesBuildPhase;
			buildActionMask = 2147483647;
			files = (
				94FC1ABF1CC0C54400464DC7 /* ImagePickerSampleTests.swift in Sources */,
			);
			runOnlyForDeploymentPostprocessing = 0;
		};
		94FC1AC11CC0C54400464DC7 /* Sources */ = {
			isa = PBXSourcesBuildPhase;
			buildActionMask = 2147483647;
			files = (
				94FC1ACA1CC0C54400464DC7 /* ImagePickerSampleUITests.swift in Sources */,
			);
			runOnlyForDeploymentPostprocessing = 0;
		};
/* End PBXSourcesBuildPhase section */

/* Begin PBXTargetDependency section */
		94FC1ABC1CC0C54400464DC7 /* PBXTargetDependency */ = {
			isa = PBXTargetDependency;
			target = 94FC1AA51CC0C54300464DC7 /* ImagePickerSample */;
			targetProxy = 94FC1ABB1CC0C54400464DC7 /* PBXContainerItemProxy */;
		};
		94FC1AC71CC0C54400464DC7 /* PBXTargetDependency */ = {
			isa = PBXTargetDependency;
			target = 94FC1AA51CC0C54300464DC7 /* ImagePickerSample */;
			targetProxy = 94FC1AC61CC0C54400464DC7 /* PBXContainerItemProxy */;
		};
/* End PBXTargetDependency section */

/* Begin PBXVariantGroup section */
		94FC1AAD1CC0C54300464DC7 /* Main.storyboard */ = {
			isa = PBXVariantGroup;
			children = (
				94FC1AAE1CC0C54300464DC7 /* Base */,
			);
			name = Main.storyboard;
			sourceTree = "<group>";
		};
		94FC1AB21CC0C54300464DC7 /* LaunchScreen.storyboard */ = {
			isa = PBXVariantGroup;
			children = (
				94FC1AB31CC0C54300464DC7 /* Base */,
			);
			name = LaunchScreen.storyboard;
			sourceTree = "<group>";
		};
/* End PBXVariantGroup section */

/* Begin XCBuildConfiguration section */
		94FC1ACC1CC0C54400464DC7 /* Debug */ = {
			isa = XCBuildConfiguration;
			buildSettings = {
				ALWAYS_SEARCH_USER_PATHS = NO;
				CLANG_ANALYZER_NONNULL = YES;
				CLANG_CXX_LANGUAGE_STANDARD = "gnu++0x";
				CLANG_CXX_LIBRARY = "libc++";
				CLANG_ENABLE_MODULES = YES;
				CLANG_ENABLE_OBJC_ARC = YES;
				CLANG_WARN_BOOL_CONVERSION = YES;
				CLANG_WARN_CONSTANT_CONVERSION = YES;
				CLANG_WARN_DIRECT_OBJC_ISA_USAGE = YES_ERROR;
				CLANG_WARN_EMPTY_BODY = YES;
				CLANG_WARN_ENUM_CONVERSION = YES;
				CLANG_WARN_INT_CONVERSION = YES;
				CLANG_WARN_OBJC_ROOT_CLASS = YES_ERROR;
				CLANG_WARN_UNREACHABLE_CODE = YES;
				CLANG_WARN__DUPLICATE_METHOD_MATCH = YES;
				"CODE_SIGN_IDENTITY[sdk=iphoneos*]" = "iPhone Developer";
				COPY_PHASE_STRIP = NO;
				DEBUG_INFORMATION_FORMAT = dwarf;
				ENABLE_STRICT_OBJC_MSGSEND = YES;
				ENABLE_TESTABILITY = YES;
				GCC_C_LANGUAGE_STANDARD = gnu99;
				GCC_DYNAMIC_NO_PIC = NO;
				GCC_NO_COMMON_BLOCKS = YES;
				GCC_OPTIMIZATION_LEVEL = 0;
				GCC_PREPROCESSOR_DEFINITIONS = (
					"DEBUG=1",
					"$(inherited)",
				);
				GCC_WARN_64_TO_32_BIT_CONVERSION = YES;
				GCC_WARN_ABOUT_RETURN_TYPE = YES_ERROR;
				GCC_WARN_UNDECLARED_SELECTOR = YES;
				GCC_WARN_UNINITIALIZED_AUTOS = YES_AGGRESSIVE;
				GCC_WARN_UNUSED_FUNCTION = YES;
				GCC_WARN_UNUSED_VARIABLE = YES;
				IPHONEOS_DEPLOYMENT_TARGET = 9.3;
				MTL_ENABLE_DEBUG_INFO = YES;
				ONLY_ACTIVE_ARCH = YES;
				SDKROOT = iphoneos;
				SWIFT_OPTIMIZATION_LEVEL = "-Onone";
			};
			name = Debug;
		};
		94FC1ACD1CC0C54400464DC7 /* Release */ = {
			isa = XCBuildConfiguration;
			buildSettings = {
				ALWAYS_SEARCH_USER_PATHS = NO;
				CLANG_ANALYZER_NONNULL = YES;
				CLANG_CXX_LANGUAGE_STANDARD = "gnu++0x";
				CLANG_CXX_LIBRARY = "libc++";
				CLANG_ENABLE_MODULES = YES;
				CLANG_ENABLE_OBJC_ARC = YES;
				CLANG_WARN_BOOL_CONVERSION = YES;
				CLANG_WARN_CONSTANT_CONVERSION = YES;
				CLANG_WARN_DIRECT_OBJC_ISA_USAGE = YES_ERROR;
				CLANG_WARN_EMPTY_BODY = YES;
				CLANG_WARN_ENUM_CONVERSION = YES;
				CLANG_WARN_INT_CONVERSION = YES;
				CLANG_WARN_OBJC_ROOT_CLASS = YES_ERROR;
				CLANG_WARN_UNREACHABLE_CODE = YES;
				CLANG_WARN__DUPLICATE_METHOD_MATCH = YES;
				"CODE_SIGN_IDENTITY[sdk=iphoneos*]" = "iPhone Developer";
				COPY_PHASE_STRIP = NO;
				DEBUG_INFORMATION_FORMAT = "dwarf-with-dsym";
				ENABLE_NS_ASSERTIONS = NO;
				ENABLE_STRICT_OBJC_MSGSEND = YES;
				GCC_C_LANGUAGE_STANDARD = gnu99;
				GCC_NO_COMMON_BLOCKS = YES;
				GCC_WARN_64_TO_32_BIT_CONVERSION = YES;
				GCC_WARN_ABOUT_RETURN_TYPE = YES_ERROR;
				GCC_WARN_UNDECLARED_SELECTOR = YES;
				GCC_WARN_UNINITIALIZED_AUTOS = YES_AGGRESSIVE;
				GCC_WARN_UNUSED_FUNCTION = YES;
				GCC_WARN_UNUSED_VARIABLE = YES;
				IPHONEOS_DEPLOYMENT_TARGET = 9.3;
				MTL_ENABLE_DEBUG_INFO = NO;
				SDKROOT = iphoneos;
				VALIDATE_PRODUCT = YES;
			};
			name = Release;
		};
		94FC1ACF1CC0C54400464DC7 /* Debug */ = {
			isa = XCBuildConfiguration;
			buildSettings = {
				ASSETCATALOG_COMPILER_APPICON_NAME = AppIcon;
				INFOPLIST_FILE = ImagePickerSample/Info.plist;
				LD_RUNPATH_SEARCH_PATHS = "$(inherited) @executable_path/Frameworks";
				PRODUCT_BUNDLE_IDENTIFIER = "com.Amelia-Boli.ImagePickerSample";
				PRODUCT_NAME = "$(TARGET_NAME)";
			};
			name = Debug;
		};
		94FC1AD01CC0C54400464DC7 /* Release */ = {
			isa = XCBuildConfiguration;
			buildSettings = {
				ASSETCATALOG_COMPILER_APPICON_NAME = AppIcon;
				INFOPLIST_FILE = ImagePickerSample/Info.plist;
				LD_RUNPATH_SEARCH_PATHS = "$(inherited) @executable_path/Frameworks";
				PRODUCT_BUNDLE_IDENTIFIER = "com.Amelia-Boli.ImagePickerSample";
				PRODUCT_NAME = "$(TARGET_NAME)";
			};
			name = Release;
		};
		94FC1AD21CC0C54400464DC7 /* Debug */ = {
			isa = XCBuildConfiguration;
			buildSettings = {
				BUNDLE_LOADER = "$(TEST_HOST)";
				INFOPLIST_FILE = ImagePickerSampleTests/Info.plist;
				LD_RUNPATH_SEARCH_PATHS = "$(inherited) @executable_path/Frameworks @loader_path/Frameworks";
				PRODUCT_BUNDLE_IDENTIFIER = "com.Amelia-Boli.ImagePickerSampleTests";
				PRODUCT_NAME = "$(TARGET_NAME)";
				TEST_HOST = "$(BUILT_PRODUCTS_DIR)/ImagePickerSample.app/ImagePickerSample";
			};
			name = Debug;
		};
		94FC1AD31CC0C54400464DC7 /* Release */ = {
			isa = XCBuildConfiguration;
			buildSettings = {
				BUNDLE_LOADER = "$(TEST_HOST)";
				INFOPLIST_FILE = ImagePickerSampleTests/Info.plist;
				LD_RUNPATH_SEARCH_PATHS = "$(inherited) @executable_path/Frameworks @loader_path/Frameworks";
				PRODUCT_BUNDLE_IDENTIFIER = "com.Amelia-Boli.ImagePickerSampleTests";
				PRODUCT_NAME = "$(TARGET_NAME)";
				TEST_HOST = "$(BUILT_PRODUCTS_DIR)/ImagePickerSample.app/ImagePickerSample";
			};
			name = Release;
		};
		94FC1AD51CC0C54400464DC7 /* Debug */ = {
			isa = XCBuildConfiguration;
			buildSettings = {
				INFOPLIST_FILE = ImagePickerSampleUITests/Info.plist;
				LD_RUNPATH_SEARCH_PATHS = "$(inherited) @executable_path/Frameworks @loader_path/Frameworks";
				PRODUCT_BUNDLE_IDENTIFIER = "com.Amelia-Boli.ImagePickerSampleUITests";
				PRODUCT_NAME = "$(TARGET_NAME)";
				TEST_TARGET_NAME = ImagePickerSample;
			};
			name = Debug;
		};
		94FC1AD61CC0C54400464DC7 /* Release */ = {
			isa = XCBuildConfiguration;
			buildSettings = {
				INFOPLIST_FILE = ImagePickerSampleUITests/Info.plist;
				LD_RUNPATH_SEARCH_PATHS = "$(inherited) @executable_path/Frameworks @loader_path/Frameworks";
				PRODUCT_BUNDLE_IDENTIFIER = "com.Amelia-Boli.ImagePickerSampleUITests";
				PRODUCT_NAME = "$(TARGET_NAME)";
				TEST_TARGET_NAME = ImagePickerSample;
			};
			name = Release;
		};
/* End XCBuildConfiguration section */

/* Begin XCConfigurationList section */
		94FC1AA11CC0C54300464DC7 /* Build configuration list for PBXProject "ImagePickerSample" */ = {
			isa = XCConfigurationList;
			buildConfigurations = (
				94FC1ACC1CC0C54400464DC7 /* Debug */,
				94FC1ACD1CC0C54400464DC7 /* Release */,
			);
			defaultConfigurationIsVisible = 0;
			defaultConfigurationName = Release;
		};
		94FC1ACE1CC0C54400464DC7 /* Build configuration list for PBXNativeTarget "ImagePickerSample" */ = {
			isa = XCConfigurationList;
			buildConfigurations = (
				94FC1ACF1CC0C54400464DC7 /* Debug */,
				94FC1AD01CC0C54400464DC7 /* Release */,
			);
			defaultConfigurationIsVisible = 0;
			defaultConfigurationName = Release;
		};
		94FC1AD11CC0C54400464DC7 /* Build configuration list for PBXNativeTarget "ImagePickerSampleTests" */ = {
			isa = XCConfigurationList;
			buildConfigurations = (
				94FC1AD21CC0C54400464DC7 /* Debug */,
				94FC1AD31CC0C54400464DC7 /* Release */,
			);
			defaultConfigurationIsVisible = 0;
			defaultConfigurationName = Release;
		};
		94FC1AD41CC0C54400464DC7 /* Build configuration list for PBXNativeTarget "ImagePickerSampleUITests" */ = {
			isa = XCConfigurationList;
			buildConfigurations = (
				94FC1AD51CC0C54400464DC7 /* Debug */,
				94FC1AD61CC0C54400464DC7 /* Release */,
			);
			defaultConfigurationIsVisible = 0;
			defaultConfigurationName = Release;
		};
/* End XCConfigurationList section */
	};
	rootObject = 94FC1A9E1CC0C54300464DC7 /* Project object */;
}
